
Microsoft Visual Studio Solution File, Format Version 12.00
# Visual Studio Version 16
VisualStudioVersion = 16.0.31515.178
MinimumVisualStudioVersion = 10.0.40219.1
Project("{FAE04EC0-301F-11D3-BF4B-00C04F79EFBC}") = "CFGProjectGenerator", "CFGProjectGenerator.csproj", "{40EE5577-A602-4557-9424-0B4F6D62BD3F}"
EndProject
Global
	GlobalSection(SolutionConfigurationPlatforms) = preSolution
		Debug|Any CPU = Debug|Any CPU
		Release|Any CPU = Release|Any CPU
	EndGlobalSection
	GlobalSection(ProjectConfigurationPlatforms) = postSolution
		{40EE5577-A602-4557-9424-0B4F6D62BD3F}.Debug|Any CPU.ActiveCfg = Debug|Any CPU
		{40EE5577-A602-4557-9424-0B4F6D62BD3F}.Debug|Any CPU.Build.0 = Debug|Any CPU
		{40EE5577-A602-4557-9424-0B4F6D62BD3F}.Release|Any CPU.ActiveCfg = Release|Any CPU
		{40EE5577-A602-4557-9424-0B4F6D62BD3F}.Release|Any CPU.Build.0 = Release|Any CPU
	EndGlobalSection
	GlobalSection(SolutionProperties) = preSolution
		HideSolutionNode = FALSE
	EndGlobalSection
	GlobalSection(ExtensibilityGlobals) = postSolution
		SolutionGuid = {27CB7600-8AD5-4CF0-B73F-56953B4995C8}
	EndGlobalSection
EndGlobal
